
Microsoft Visual Studio Solution File, Format Version 12.00
# Visual Studio Version 17
VisualStudioVersion = 17.5.33627.172
MinimumVisualStudioVersion = 10.0.40219.1
Project("{2150E333-8FDC-42A3-9474-1A3956D46DE8}") = "Solution Items", "Solution Items", "{D8DEDA07-FC62-4E31-B4C4-6F8441EFE000}"
	ProjectSection(SolutionItems) = preProject
		Directory.Build.props = Directory.Build.props
		README.md = README.md
	EndProjectSection
EndProject
Project("{9A19103F-16F7-4668-BE54-9A1E7A4F7556}") = "Aoc.Core", "src\Core\Aoc.Core.csproj", "{D1199815-1BB7-44CD-8C79-F4053207BB26}"
EndProject
Project("{9A19103F-16F7-4668-BE54-9A1E7A4F7556}") = "Aoc.2024", "src\2024\Aoc.2024.csproj", "{6ABBCB34-6015-4C4A-9CB1-2462B8AC1D97}"
EndProject
Global
	GlobalSection(SolutionConfigurationPlatforms) = preSolution
		Debug|Any CPU = Debug|Any CPU
		Release|Any CPU = Release|Any CPU
	EndGlobalSection
	GlobalSection(ProjectConfigurationPlatforms) = postSolution
		{D1199815-1BB7-44CD-8C79-F4053207BB26}.Debug|Any CPU.ActiveCfg = Debug|Any CPU
		{D1199815-1BB7-44CD-8C79-F4053207BB26}.Debug|Any CPU.Build.0 = Debug|Any CPU
		{D1199815-1BB7-44CD-8C79-F4053207BB26}.Release|Any CPU.ActiveCfg = Release|Any CPU
		{D1199815-1BB7-44CD-8C79-F4053207BB26}.Release|Any CPU.Build.0 = Release|Any CPU
		{6ABBCB34-6015-4C4A-9CB1-2462B8AC1D97}.Debug|Any CPU.ActiveCfg = Debug|Any CPU
		{6ABBCB34-6015-4C4A-9CB1-2462B8AC1D97}.Debug|Any CPU.Build.0 = Debug|Any CPU
		{6ABBCB34-6015-4C4A-9CB1-2462B8AC1D97}.Release|Any CPU.ActiveCfg = Release|Any CPU
		{6ABBCB34-6015-4C4A-9CB1-2462B8AC1D97}.Release|Any CPU.Build.0 = Release|Any CPU
	EndGlobalSection
	GlobalSection(SolutionProperties) = preSolution
		HideSolutionNode = FALSE
	EndGlobalSection
	GlobalSection(ExtensibilityGlobals) = postSolution
		SolutionGuid = {5405C353-1833-401C-B32E-54FFA3D005D1}
	EndGlobalSection
EndGlobal
